
Microsoft Visual Studio Solution File, Format Version 12.00
# Visual Studio Version 16
VisualStudioVersion = 16.0.29324.140
MinimumVisualStudioVersion = 10.0.40219.1
Project("{FAE04EC0-301F-11D3-BF4B-00C04F79EFBC}") = "Convertidor", "Convertidor\Convertidor.csproj", "{64727399-9E14-4189-B91F-C0496F45FF1B}"
EndProject
Global
	GlobalSection(SolutionConfigurationPlatforms) = preSolution
		Debug|Any CPU = Debug|Any CPU
		Release|Any CPU = Release|Any CPU
	EndGlobalSection
	GlobalSection(ProjectConfigurationPlatforms) = postSolution
		{64727399-9E14-4189-B91F-C0496F45FF1B}.Debug|Any CPU.ActiveCfg = Debug|Any CPU
		{64727399-9E14-4189-B91F-C0496F45FF1B}.Debug|Any CPU.Build.0 = Debug|Any CPU
		{64727399-9E14-4189-B91F-C0496F45FF1B}.Release|Any CPU.ActiveCfg = Release|Any CPU
		{64727399-9E14-4189-B91F-C0496F45FF1B}.Release|Any CPU.Build.0 = Release|Any CPU
	EndGlobalSection
	GlobalSection(SolutionProperties) = preSolution
		HideSolutionNode = FALSE
	EndGlobalSection
	GlobalSection(ExtensibilityGlobals) = postSolution
		SolutionGuid = {43064D38-CDAD-4C24-99A8-CCDA0C2A8E4E}
	EndGlobalSection
EndGlobal
